#MicroXplorer Configuration settings - do not modify
ADC1.Channel-0\#ChannelRegularConversion=ADC_CHANNEL_1
ADC1.Channel-1\#ChannelRegularConversion=ADC_CHANNEL_2
ADC1.Channel-2\#ChannelRegularConversion=ADC_CHANNEL_3
ADC1.ContinuousConvMode=ENABLE
ADC1.IPParameters=Rank-0\#ChannelRegularConversion,Channel-0\#ChannelRegularConversion,SamplingTime-0\#ChannelRegularConversion,NbrOfConversionFlag,ContinuousConvMode,Rank-1\#ChannelRegularConversion,Channel-1\#ChannelRegularConversion,SamplingTime-1\#ChannelRegularConversion,Rank-2\#ChannelRegularConversion,Channel-2\#ChannelRegularConversion,SamplingTime-2\#ChannelRegularConversion,NbrOfConversion,master
ADC1.NbrOfConversion=3
ADC1.NbrOfConversionFlag=1
ADC1.Rank-0\#ChannelRegularConversion=1
ADC1.Rank-1\#ChannelRegularConversion=2
ADC1.Rank-2\#ChannelRegularConversion=3
ADC1.SamplingTime-0\#ChannelRegularConversion=ADC_SAMPLETIME_55CYCLES_5
ADC1.SamplingTime-1\#ChannelRegularConversion=ADC_SAMPLETIME_55CYCLES_5
ADC1.SamplingTime-2\#ChannelRegularConversion=ADC_SAMPLETIME_55CYCLES_5
ADC1.master=1
CAD.formats=
CAD.pinconfig=
CAD.provider=
Dma.ADC1.0.Direction=DMA_PERIPH_TO_MEMORY
Dma.ADC1.0.Instance=DMA1_Channel1
Dma.ADC1.0.MemDataAlignment=DMA_MDATAALIGN_HALFWORD
Dma.ADC1.0.MemInc=DMA_MINC_ENABLE
Dma.ADC1.0.Mode=DMA_CIRCULAR
Dma.ADC1.0.PeriphDataAlignment=DMA_PDATAALIGN_HALFWORD
Dma.ADC1.0.PeriphInc=DMA_PINC_DISABLE
Dma.ADC1.0.Priority=DMA_PRIORITY_LOW
Dma.ADC1.0.RequestParameters=Instance,Direction,PeriphInc,MemInc,PeriphDataAlignment,MemDataAlignment,Mode,Priority
Dma.Request0=ADC1
Dma.Request1=USART1_RX
Dma.Request2=USART1_TX
Dma.RequestsNb=3
Dma.USART1_RX.1.Direction=DMA_PERIPH_TO_MEMORY
Dma.USART1_RX.1.Instance=DMA1_Channel5
Dma.USART1_RX.1.MemDataAlignment=DMA_MDATAALIGN_BYTE
Dma.USART1_RX.1.MemInc=DMA_MINC_ENABLE
Dma.USART1_RX.1.Mode=DMA_CIRCULAR
Dma.USART1_RX.1.PeriphDataAlignment=DMA_PDATAALIGN_BYTE
Dma.USART1_RX.1.PeriphInc=DMA_PINC_DISABLE
Dma.USART1_RX.1.Priority=DMA_PRIORITY_LOW
Dma.USART1_RX.1.RequestParameters=Instance,Direction,PeriphInc,MemInc,PeriphDataAlignment,MemDataAlignment,Mode,Priority
Dma.USART1_TX.2.Direction=DMA_MEMORY_TO_PERIPH
Dma.USART1_TX.2.Instance=DMA1_Channel4
Dma.USART1_TX.2.MemDataAlignment=DMA_MDATAALIGN_BYTE
Dma.USART1_TX.2.MemInc=DMA_MINC_ENABLE
Dma.USART1_TX.2.Mode=DMA_NORMAL
Dma.USART1_TX.2.PeriphDataAlignment=DMA_PDATAALIGN_BYTE
Dma.USART1_TX.2.PeriphInc=DMA_PINC_DISABLE
Dma.USART1_TX.2.Priority=DMA_PRIORITY_LOW
Dma.USART1_TX.2.RequestParameters=Instance,Direction,PeriphInc,MemInc,PeriphDataAlignment,MemDataAlignment,Mode,Priority
FATFS.IPParameters=_FS_REENTRANT
FATFS._FS_REENTRANT=0
FREERTOS.IPParameters=Tasks01,configTOTAL_HEAP_SIZE
FREERTOS.Tasks01=defaultTask,24,128,StartDefaultTask,Default,NULL,Dynamic,NULL,NULL
FREERTOS.configTOTAL_HEAP_SIZE=12000
File.Version=6
GPIO.groupedBy=Group By Peripherals
IWDG.IPParameters=Prescaler,Reload
IWDG.Prescaler=IWDG_PRESCALER_128
IWDG.Reload=3126
KeepUserPlacement=false
Mcu.CPN=STM32F103ZET6
Mcu.Family=STM32F1
Mcu.IP0=ADC1
Mcu.IP1=DMA
Mcu.IP10=TIM1
Mcu.IP11=TIM2
Mcu.IP12=TIM3
Mcu.IP13=TIM4
Mcu.IP14=TIM5
Mcu.IP15=USART1
Mcu.IP16=USART2
Mcu.IP17=USART3
Mcu.IP2=FATFS
Mcu.IP3=FREERTOS
Mcu.IP4=IWDG
Mcu.IP5=NVIC
Mcu.IP6=RCC
Mcu.IP7=RTC
Mcu.IP8=SDIO
Mcu.IP9=SYS
Mcu.IPNb=18
Mcu.Name=STM32F103Z(C-D-E)Tx
Mcu.Package=LQFP144
Mcu.Pin0=PC14-OSC32_IN
Mcu.Pin1=PC15-OSC32_OUT
Mcu.Pin10=PC2
Mcu.Pin11=PC3
Mcu.Pin12=PA1
Mcu.Pin13=PA2
Mcu.Pin14=PA3
Mcu.Pin15=PA4
Mcu.Pin16=PC4
Mcu.Pin17=PC5
Mcu.Pin18=PB0
Mcu.Pin19=PF11
Mcu.Pin2=PF0
Mcu.Pin20=PF12
Mcu.Pin21=PF13
Mcu.Pin22=PF14
Mcu.Pin23=PF15
Mcu.Pin24=PE8
Mcu.Pin25=PE9
Mcu.Pin26=PE10
Mcu.Pin27=PE11
Mcu.Pin28=PE12
Mcu.Pin29=PE13
Mcu.Pin3=PF1
Mcu.Pin30=PB10
Mcu.Pin31=PB11
Mcu.Pin32=PB12
Mcu.Pin33=PB13
Mcu.Pin34=PB14
Mcu.Pin35=PB15
Mcu.Pin36=PD8
Mcu.Pin37=PD9
Mcu.Pin38=PG2
Mcu.Pin39=PG3
Mcu.Pin4=PF2
Mcu.Pin40=PG4
Mcu.Pin41=PG5
Mcu.Pin42=PG6
Mcu.Pin43=PG7
Mcu.Pin44=PG8
Mcu.Pin45=PC6
Mcu.Pin46=PC8
Mcu.Pin47=PC9
Mcu.Pin48=PA9
Mcu.Pin49=PA10
Mcu.Pin5=PF3
Mcu.Pin50=PA13
Mcu.Pin51=PA14
Mcu.Pin52=PA15
Mcu.Pin53=PC10
Mcu.Pin54=PC11
Mcu.Pin55=PC12
Mcu.Pin56=PD2
Mcu.Pin57=PD3
Mcu.Pin58=PD5
Mcu.Pin59=PD6
Mcu.Pin6=PF4
Mcu.Pin60=PD7
Mcu.Pin61=PG9
Mcu.Pin62=PG11
Mcu.Pin63=PG12
Mcu.Pin64=PG14
Mcu.Pin65=PB3
Mcu.Pin66=PB6
Mcu.Pin67=PB7
Mcu.Pin68=PB8
Mcu.Pin69=VP_FATFS_VS_SDIO
Mcu.Pin7=OSC_IN
Mcu.Pin70=VP_FREERTOS_VS_CMSIS_V2
Mcu.Pin71=VP_IWDG_VS_IWDG
Mcu.Pin72=VP_RTC_VS_RTC_Activate
Mcu.Pin73=VP_RTC_VS_RTC_Calendar
Mcu.Pin74=VP_SYS_VS_tim7
Mcu.Pin75=VP_TIM1_VS_ClockSourceINT
Mcu.Pin76=VP_TIM2_VS_ClockSourceINT
Mcu.Pin77=VP_TIM3_VS_ClockSourceINT
Mcu.Pin78=VP_TIM4_VS_ClockSourceINT
Mcu.Pin79=VP_TIM5_VS_ClockSourceINT
Mcu.Pin8=OSC_OUT
Mcu.Pin9=PC1
Mcu.PinsNb=80
Mcu.ThirdPartyNb=0
Mcu.UserConstants=
Mcu.UserName=STM32F103ZETx
MxCube.Version=6.10.0
MxDb.Version=DB.6.0.100
NVIC.BusFault_IRQn=true\:0\:0\:false\:false\:true\:false\:false\:false\:false
NVIC.DebugMonitor_IRQn=true\:0\:0\:false\:false\:true\:false\:false\:false\:false
NVIC.ForceEnableDMAVector=false
NVIC.HardFault_IRQn=true\:0\:0\:false\:false\:true\:false\:false\:false\:false
NVIC.MemoryManagement_IRQn=true\:0\:0\:false\:false\:true\:false\:false\:false\:false
NVIC.NonMaskableInt_IRQn=true\:0\:0\:false\:false\:true\:false\:false\:false\:false
NVIC.PendSV_IRQn=true\:15\:0\:false\:false\:false\:true\:false\:false\:false
NVIC.PriorityGroup=NVIC_PRIORITYGROUP_4
NVIC.SVCall_IRQn=true\:0\:0\:false\:false\:false\:false\:false\:false\:false
NVIC.SavedPendsvIrqHandlerGenerated=true
NVIC.SavedSvcallIrqHandlerGenerated=true
NVIC.SavedSystickIrqHandlerGenerated=true
NVIC.SysTick_IRQn=true\:15\:0\:false\:false\:false\:true\:false\:true\:false
NVIC.TIM1_UP_IRQn=true\:5\:0\:false\:false\:true\:true\:true\:true\:true
NVIC.TIM2_IRQn=true\:5\:0\:false\:false\:true\:true\:true\:true\:true
NVIC.TIM3_IRQn=true\:5\:0\:false\:false\:true\:true\:true\:true\:true
NVIC.TIM4_IRQn=true\:4\:0\:true\:false\:true\:false\:true\:true\:true
NVIC.TIM5_IRQn=true\:5\:0\:false\:false\:true\:true\:true\:true\:true
NVIC.TIM7_IRQn=true\:15\:0\:false\:false\:true\:false\:false\:true\:true
NVIC.TimeBase=TIM7_IRQn
NVIC.TimeBaseIP=TIM7
NVIC.USART1_IRQn=true\:5\:0\:false\:false\:true\:true\:true\:true\:true
NVIC.USART2_IRQn=true\:5\:0\:false\:false\:true\:true\:true\:true\:true
NVIC.USART3_IRQn=true\:5\:0\:false\:false\:true\:true\:true\:true\:true
NVIC.UsageFault_IRQn=true\:0\:0\:false\:false\:true\:false\:false\:false\:false
OSC_IN.Mode=HSE-External-Oscillator
OSC_IN.Signal=RCC_OSC_IN
OSC_OUT.Mode=HSE-External-Oscillator
OSC_OUT.Signal=RCC_OSC_OUT
PA1.Signal=ADCx_IN1
PA10.Mode=Asynchronous
PA10.Signal=USART1_RX
PA13.Mode=JTAG_4_pins
PA13.Signal=SYS_JTMS-SWDIO
PA14.Mode=JTAG_4_pins
PA14.Signal=SYS_JTCK-SWCLK
PA15.Mode=JTAG_4_pins
PA15.Signal=SYS_JTDI
PA2.Signal=ADCx_IN2
PA3.Signal=ADCx_IN3
PA4.Signal=ADCx_IN4
PA9.Mode=Asynchronous
PA9.Signal=USART1_TX
PB0.GPIOParameters=GPIO_Speed
PB0.GPIO_Speed=GPIO_SPEED_FREQ_HIGH
PB0.Locked=true
PB0.Signal=GPIO_Output
PB10.GPIOParameters=PinState
PB10.Locked=true
PB10.PinState=GPIO_PIN_SET
PB10.Signal=GPIO_Output
PB11.GPIOParameters=PinState
PB11.Locked=true
PB11.PinState=GPIO_PIN_SET
PB11.Signal=GPIO_Output
PB12.GPIOParameters=GPIO_Speed,PinState,GPIO_ModeDefaultOutputPP
PB12.GPIO_ModeDefaultOutputPP=GPIO_MODE_OUTPUT_PP
PB12.GPIO_Speed=GPIO_SPEED_FREQ_HIGH
PB12.Locked=true
PB12.PinState=GPIO_PIN_SET
PB12.Signal=GPIO_Output
PB13.GPIOParameters=GPIO_Speed,PinState,GPIO_PuPd,GPIO_ModeDefaultOutputPP
PB13.GPIO_ModeDefaultOutputPP=GPIO_MODE_OUTPUT_PP
PB13.GPIO_PuPd=GPIO_NOPULL
PB13.GPIO_Speed=GPIO_SPEED_FREQ_HIGH
PB13.Locked=true
PB13.PinState=GPIO_PIN_SET
PB13.Signal=GPIO_Output
PB14.GPIOParameters=GPIO_PuPd
PB14.GPIO_PuPd=GPIO_PULLUP
PB14.Locked=true
PB14.Signal=GPIO_Input
PB15.GPIOParameters=GPIO_Speed,PinState
PB15.GPIO_Speed=GPIO_SPEED_FREQ_HIGH
PB15.Locked=true
PB15.PinState=GPIO_PIN_SET
PB15.Signal=GPIO_Output
PB3.Mode=JTAG_4_pins
PB3.Signal=SYS_JTDO-TRACESWO
PB6.GPIOParameters=GPIO_Speed,GPIO_PuPd,GPIO_ModeDefaultOutputPP
PB6.GPIO_ModeDefaultOutputPP=GPIO_MODE_OUTPUT_OD
PB6.GPIO_PuPd=GPIO_NOPULL
PB6.GPIO_Speed=GPIO_SPEED_FREQ_HIGH
PB6.Locked=true
PB6.Signal=GPIO_Output
PB7.GPIOParameters=GPIO_Speed,GPIO_PuPd,GPIO_ModeDefaultOutputPP
PB7.GPIO_ModeDefaultOutputPP=GPIO_MODE_OUTPUT_OD
PB7.GPIO_PuPd=GPIO_NOPULL
PB7.GPIO_Speed=GPIO_SPEED_FREQ_HIGH
PB7.Locked=true
PB7.Signal=GPIO_Output
PB8.GPIOParameters=GPIO_Speed
PB8.GPIO_Speed=GPIO_SPEED_FREQ_HIGH
PB8.Locked=true
PB8.Signal=GPIO_Output
PC1.GPIOParameters=GPIO_Speed,PinState
PC1.GPIO_Speed=GPIO_SPEED_FREQ_HIGH
PC1.Locked=true
PC1.PinState=GPIO_PIN_RESET
PC1.Signal=GPIO_Output
PC10.Mode=SD_4_bits_Wide_bus
PC10.Signal=SDIO_D2
PC11.Mode=SD_4_bits_Wide_bus
PC11.Signal=SDIO_D3
PC12.Mode=SD_4_bits_Wide_bus
PC12.Signal=SDIO_CK
PC14-OSC32_IN.Mode=LSE-External-Oscillator
PC14-OSC32_IN.Signal=RCC_OSC32_IN
PC15-OSC32_OUT.Mode=LSE-External-Oscillator
PC15-OSC32_OUT.Signal=RCC_OSC32_OUT
PC2.GPIOParameters=GPIO_Speed,PinState
PC2.GPIO_Speed=GPIO_SPEED_FREQ_HIGH
PC2.Locked=true
PC2.PinState=GPIO_PIN_RESET
PC2.Signal=GPIO_Output
PC3.GPIOParameters=GPIO_Speed,PinState
PC3.GPIO_Speed=GPIO_SPEED_FREQ_HIGH
PC3.Locked=true
PC3.PinState=GPIO_PIN_RESET
PC3.Signal=GPIO_Output
PC4.GPIOParameters=GPIO_Speed
PC4.GPIO_Speed=GPIO_SPEED_FREQ_HIGH
PC4.Locked=true
PC4.Signal=GPIO_Output
PC5.GPIOParameters=GPIO_Speed
PC5.GPIO_Speed=GPIO_SPEED_FREQ_HIGH
PC5.Locked=true
PC5.Signal=GPIO_Output
PC6.GPIOParameters=GPIO_Speed
PC6.GPIO_Speed=GPIO_SPEED_FREQ_HIGH
PC6.Locked=true
PC6.Signal=GPIO_Output
PC8.Mode=SD_4_bits_Wide_bus
PC8.Signal=SDIO_D0
PC9.Mode=SD_4_bits_Wide_bus
PC9.Signal=SDIO_D1
PD2.Mode=SD_4_bits_Wide_bus
PD2.Signal=SDIO_CMD
PD3.GPIOParameters=GPIO_Speed,GPIO_PuPd,GPIO_ModeDefaultOutputPP
PD3.GPIO_ModeDefaultOutputPP=GPIO_MODE_OUTPUT_OD
PD3.GPIO_PuPd=GPIO_NOPULL
PD3.GPIO_Speed=GPIO_SPEED_FREQ_HIGH
PD3.Locked=true
PD3.Signal=GPIO_Output
PD5.Mode=Asynchronous
PD5.Signal=USART2_TX
PD6.Mode=Asynchronous
PD6.Signal=USART2_RX
PD7.GPIOParameters=GPIO_Speed,GPIO_PuPd,GPIO_ModeDefaultOutputPP
PD7.GPIO_ModeDefaultOutputPP=GPIO_MODE_OUTPUT_OD
PD7.GPIO_PuPd=GPIO_NOPULL
PD7.GPIO_Speed=GPIO_SPEED_FREQ_HIGH
PD7.Locked=true
PD7.Signal=GPIO_Output
PD8.Mode=Asynchronous
PD8.Signal=USART3_TX
PD9.Mode=Asynchronous
PD9.Signal=USART3_RX
PE10.GPIOParameters=GPIO_Speed
PE10.GPIO_Speed=GPIO_SPEED_FREQ_HIGH
PE10.Locked=true
PE10.Signal=GPIO_Output
PE11.GPIOParameters=GPIO_Speed
PE11.GPIO_Speed=GPIO_SPEED_FREQ_HIGH
PE11.Locked=true
PE11.Signal=GPIO_Output
PE12.GPIOParameters=GPIO_Speed
PE12.GPIO_Speed=GPIO_SPEED_FREQ_HIGH
PE12.Locked=true
PE12.Signal=GPIO_Output
PE13.GPIOParameters=GPIO_Speed
PE13.GPIO_Speed=GPIO_SPEED_FREQ_HIGH
PE13.Locked=true
PE13.Signal=GPIO_Output
PE8.GPIOParameters=GPIO_Speed,PinState
PE8.GPIO_Speed=GPIO_SPEED_FREQ_HIGH
PE8.Locked=true
PE8.PinState=GPIO_PIN_RESET
PE8.Signal=GPIO_Output
PE9.GPIOParameters=GPIO_Speed
PE9.GPIO_Speed=GPIO_SPEED_FREQ_HIGH
PE9.Locked=true
PE9.Signal=GPIO_Output
PF0.GPIOParameters=GPIO_Speed,PinState
PF0.GPIO_Speed=GPIO_SPEED_FREQ_HIGH
PF0.Locked=true
PF0.PinState=GPIO_PIN_SET
PF0.Signal=GPIO_Output
PF1.GPIOParameters=GPIO_Speed,PinState
PF1.GPIO_Speed=GPIO_SPEED_FREQ_HIGH
PF1.Locked=true
PF1.PinState=GPIO_PIN_SET
PF1.Signal=GPIO_Output
PF11.GPIOParameters=GPIO_PuPd
PF11.GPIO_PuPd=GPIO_PULLUP
PF11.Locked=true
PF11.Signal=GPIO_Input
PF12.GPIOParameters=GPIO_PuPd
PF12.GPIO_PuPd=GPIO_PULLUP
PF12.Locked=true
PF12.Signal=GPIO_Input
PF13.GPIOParameters=GPIO_PuPd
PF13.GPIO_PuPd=GPIO_PULLUP
PF13.Locked=true
PF13.Signal=GPIO_Input
PF14.GPIOParameters=GPIO_PuPd
PF14.GPIO_PuPd=GPIO_PULLUP
PF14.Locked=true
PF14.Signal=GPIO_Input
PF15.GPIOParameters=GPIO_PuPd
PF15.GPIO_PuPd=GPIO_PULLUP
PF15.Locked=true
PF15.Signal=GPIO_Input
PF2.GPIOParameters=GPIO_Speed,PinState
PF2.GPIO_Speed=GPIO_SPEED_FREQ_HIGH
PF2.Locked=true
PF2.PinState=GPIO_PIN_SET
PF2.Signal=GPIO_Output
PF3.GPIOParameters=GPIO_Speed,PinState
PF3.GPIO_Speed=GPIO_SPEED_FREQ_HIGH
PF3.Locked=true
PF3.PinState=GPIO_PIN_SET
PF3.Signal=GPIO_Output
PF4.GPIOParameters=GPIO_Speed,PinState
PF4.GPIO_Speed=GPIO_SPEED_FREQ_HIGH
PF4.Locked=true
PF4.PinState=GPIO_PIN_SET
PF4.Signal=GPIO_Output
PG11.GPIOParameters=GPIO_PuPd
PG11.GPIO_PuPd=GPIO_PULLUP
PG11.Locked=true
PG11.Signal=GPIO_Input
PG12.GPIOParameters=GPIO_Speed,GPIO_ModeDefaultOutputPP
PG12.GPIO_ModeDefaultOutputPP=GPIO_MODE_OUTPUT_PP
PG12.GPIO_Speed=GPIO_SPEED_FREQ_HIGH
PG12.Locked=true
PG12.Signal=GPIO_Output
PG14.GPIOParameters=GPIO_Speed
PG14.GPIO_Speed=GPIO_SPEED_FREQ_HIGH
PG14.Locked=true
PG14.Signal=GPIO_Output
PG2.GPIOParameters=GPIO_Speed
PG2.GPIO_Speed=GPIO_SPEED_FREQ_HIGH
PG2.Locked=true
PG2.Signal=GPIO_Output
PG3.GPIOParameters=GPIO_Speed
PG3.GPIO_Speed=GPIO_SPEED_FREQ_HIGH
PG3.Locked=true
PG3.Signal=GPIO_Output
PG4.GPIOParameters=GPIO_Speed
PG4.GPIO_Speed=GPIO_SPEED_FREQ_HIGH
PG4.Locked=true
PG4.Signal=GPIO_Output
PG5.GPIOParameters=GPIO_Speed
PG5.GPIO_Speed=GPIO_SPEED_FREQ_HIGH
PG5.Locked=true
PG5.Signal=GPIO_Output
PG6.GPIOParameters=GPIO_Speed
PG6.GPIO_Speed=GPIO_SPEED_FREQ_HIGH
PG6.Locked=true
PG6.Signal=GPIO_Output
PG7.GPIOParameters=GPIO_Speed
PG7.GPIO_Speed=GPIO_SPEED_FREQ_HIGH
PG7.Locked=true
PG7.Signal=GPIO_Output
PG8.GPIOParameters=GPIO_Speed
PG8.GPIO_Speed=GPIO_SPEED_FREQ_HIGH
PG8.Locked=true
PG8.Signal=GPIO_Output
PG9.GPIOParameters=GPIO_Speed,PinState,GPIO_ModeDefaultOutputPP
PG9.GPIO_ModeDefaultOutputPP=GPIO_MODE_OUTPUT_PP
PG9.GPIO_Speed=GPIO_SPEED_FREQ_HIGH
PG9.Locked=true
PG9.PinState=GPIO_PIN_RESET
PG9.Signal=GPIO_Output
PinOutPanel.RotationAngle=90
ProjectManager.AskForMigrate=true
ProjectManager.BackupPrevious=false
ProjectManager.CompilerOptimize=6
ProjectManager.ComputerToolchain=false
ProjectManager.CoupleFile=true
ProjectManager.CustomerFirmwarePackage=
ProjectManager.DefaultFWLocation=true
ProjectManager.DeletePrevious=true
ProjectManager.DeviceId=STM32F103ZETx
ProjectManager.FirmwarePackage=STM32Cube FW_F1 V1.8.5
ProjectManager.FreePins=false
ProjectManager.HalAssertFull=false
ProjectManager.HeapSize=0x200
ProjectManager.KeepUserCode=true
ProjectManager.LastFirmware=false
ProjectManager.LibraryCopy=1
ProjectManager.MainLocation=Core/Src
ProjectManager.NoMain=false
ProjectManager.PreviousToolchain=
ProjectManager.ProjectBuild=false
ProjectManager.ProjectFileName=IndusMonitor-Ctrl.ioc
ProjectManager.ProjectName=IndusMonitor-Ctrl
ProjectManager.ProjectStructure=
ProjectManager.RegisterCallBack=
ProjectManager.StackSize=0x400
ProjectManager.TargetToolchain=MDK-ARM V5
ProjectManager.ToolChainLocation=
ProjectManager.UAScriptAfterPath=
ProjectManager.UAScriptBeforePath=
ProjectManager.UnderRoot=false
ProjectManager.functionlistsort=1-SystemClock_Config-RCC-false-HAL-false,2-MX_GPIO_Init-GPIO-false-HAL-true,3-MX_DMA_Init-DMA-false-HAL-true,4-MX_ADC1_Init-ADC1-false-HAL-true,5-MX_TIM1_Init-TIM1-false-HAL-true,6-MX_TIM2_Init-TIM2-false-HAL-true,7-MX_USART1_UART_Init-USART1-false-HAL-true,8-MX_USART2_UART_Init-USART2-false-HAL-true,9-MX_TIM4_Init-TIM4-false-HAL-true,10-MX_TIM3_Init-TIM3-false-HAL-true,11-MX_TIM5_Init-TIM5-false-HAL-true,12-MX_IWDG_Init-IWDG-false-HAL-true,13-MX_RTC_Init-RTC-false-HAL-true,14-MX_SDIO_SD_Init-SDIO-false-HAL-true,15-MX_USART3_UART_Init-USART3-false-HAL-true,16-MX_FATFS_Init-FATFS-false-HAL-false
RCC.ADCFreqValue=12000000
RCC.ADCPresc=RCC_ADCPCLK2_DIV6
RCC.AHBFreq_Value=72000000
RCC.APB1CLKDivider=RCC_HCLK_DIV2
RCC.APB1Freq_Value=36000000
RCC.APB1TimFreq_Value=72000000
RCC.APB2Freq_Value=72000000
RCC.APB2TimFreq_Value=72000000
RCC.FCLKCortexFreq_Value=72000000
RCC.FSMCFreq_Value=72000000
RCC.FamilyName=M
RCC.HCLKFreq_Value=72000000
RCC.I2S2Freq_Value=72000000
RCC.I2S3Freq_Value=72000000
RCC.IPParameters=ADCFreqValue,ADCPresc,AHBFreq_Value,APB1CLKDivider,APB1Freq_Value,APB1TimFreq_Value,APB2Freq_Value,APB2TimFreq_Value,FCLKCortexFreq_Value,FSMCFreq_Value,FamilyName,HCLKFreq_Value,I2S2Freq_Value,I2S3Freq_Value,MCOFreq_Value,PLLCLKFreq_Value,PLLMCOFreq_Value,PLLMUL,PLLSourceVirtual,SDIOFreq_Value,SDIOHCLKDiv2FreqValue,SYSCLKFreq_VALUE,SYSCLKSource,TimSysFreq_Value,USBFreq_Value,VCOOutput2Freq_Value
RCC.MCOFreq_Value=72000000
RCC.PLLCLKFreq_Value=72000000
RCC.PLLMCOFreq_Value=36000000
RCC.PLLMUL=RCC_PLL_MUL9
RCC.PLLSourceVirtual=RCC_PLLSOURCE_HSE
RCC.SDIOFreq_Value=72000000
RCC.SDIOHCLKDiv2FreqValue=36000000
RCC.SYSCLKFreq_VALUE=72000000
RCC.SYSCLKSource=RCC_SYSCLKSOURCE_PLLCLK
RCC.TimSysFreq_Value=72000000
RCC.USBFreq_Value=72000000
RCC.VCOOutput2Freq_Value=8000000
RTC.Date=7
RTC.IPParameters=Year,Month,Date,WeekDay
RTC.Month=RTC_MONTH_JUNE
RTC.WeekDay=RTC_WEEKDAY_SUNDAY
RTC.Year=26
SH.ADCx_IN1.0=ADC1_IN1,IN1
SH.ADCx_IN1.ConfNb=1
SH.ADCx_IN2.0=ADC1_IN2,IN2
SH.ADCx_IN2.ConfNb=1
SH.ADCx_IN3.0=ADC1_IN3,IN3
SH.ADCx_IN3.ConfNb=1
SH.ADCx_IN4.0=ADC1_IN4,IN4
SH.ADCx_IN4.ConfNb=1
TIM1.IPParameters=Prescaler,Period
TIM1.Period=1000-1
TIM1.Prescaler=72-1
TIM2.IPParameters=Prescaler,Period
TIM2.Period=1000-1
TIM2.Prescaler=72-1
TIM3.IPParameters=Prescaler,Period
TIM3.Period=1000-1
TIM3.Prescaler=72-1
TIM4.IPParameters=Prescaler
TIM4.Prescaler=71
TIM5.IPParameters=Prescaler,Period
TIM5.Period=10000-1
TIM5.Prescaler=72-1
USART1.IPParameters=VirtualMode
USART1.VirtualMode=VM_ASYNC
USART2.BaudRate=921600
USART2.IPParameters=VirtualMode,BaudRate
USART2.VirtualMode=VM_ASYNC
USART3.IPParameters=VirtualMode
USART3.VirtualMode=VM_ASYNC
VP_FATFS_VS_SDIO.Mode=SDIO
VP_FATFS_VS_SDIO.Signal=FATFS_VS_SDIO
VP_FREERTOS_VS_CMSIS_V2.Mode=CMSIS_V2
VP_FREERTOS_VS_CMSIS_V2.Signal=FREERTOS_VS_CMSIS_V2
VP_IWDG_VS_IWDG.Mode=IWDG_Activate
VP_IWDG_VS_IWDG.Signal=IWDG_VS_IWDG
VP_RTC_VS_RTC_Activate.Mode=RTC_Enabled
VP_RTC_VS_RTC_Activate.Signal=RTC_VS_RTC_Activate
VP_RTC_VS_RTC_Calendar.Mode=RTC_Calendar
VP_RTC_VS_RTC_Calendar.Signal=RTC_VS_RTC_Calendar
VP_SYS_VS_tim7.Mode=TIM7
VP_SYS_VS_tim7.Signal=SYS_VS_tim7
VP_TIM1_VS_ClockSourceINT.Mode=Internal
VP_TIM1_VS_ClockSourceINT.Signal=TIM1_VS_ClockSourceINT
VP_TIM2_VS_ClockSourceINT.Mode=Internal
VP_TIM2_VS_ClockSourceINT.Signal=TIM2_VS_ClockSourceINT
VP_TIM3_VS_ClockSourceINT.Mode=Internal
VP_TIM3_VS_ClockSourceINT.Signal=TIM3_VS_ClockSourceINT
VP_TIM4_VS_ClockSourceINT.Mode=Internal
VP_TIM4_VS_ClockSourceINT.Signal=TIM4_VS_ClockSourceINT
VP_TIM5_VS_ClockSourceINT.Mode=Internal
VP_TIM5_VS_ClockSourceINT.Signal=TIM5_VS_ClockSourceINT
board=custom
rtos.0.ip=FREERTOS
